<?xml version="1.0" encoding="utf-8"?>
<Project ToolsVersion="4.0" xmlns="http://schemas.microsoft.com/developer/msbuild/2003">
  <ItemGroup>
    <Filter Include="Source Files">
      <UniqueIdentifier>{4FC737F1-C7A5-4376-A066-2A32D752A2FF}</UniqueIdentifier>
      <Extensions>cpp;c;cc;cxx;def;odl;idl;hpj;bat;asm;asmx</Extensions>
    </Filter>
    <Filter Include="Header Files">
      <UniqueIdentifier>{93995380-89BD-4b04-88EB-625FBE52EBFB}</UniqueIdentifier>
      <Extensions>h;hh;hpp;hxx;hm;inl;inc;xsd</Extensions>
    </Filter>
    <Filter Include="Resource Files">
      <UniqueIdentifier>{67DA6AB6-F800-4c08-8B7A-83BB121AAD01}</UniqueIdentifier>
      <Extensions>rc;ico;cur;bmp;dlg;rc2;rct;bin;rgs;gif;jpg;jpeg;jpe;resx;tiff;tif;png;wav;mfcribbon-ms</Extensions>
    </Filter>
    <Filter Include="Header Files\Mesh">
      <UniqueIdentifier>{032c6766-660f-4343-a143-32a9ec389c63}</UniqueIdentifier>
    </Filter>
    <Filter Include="Header Files\math">
      <UniqueIdentifier>{7da285ed-7fc3-4277-97d8-9e54bcb80111}</UniqueIdentifier>
    </Filter>
    <Filter Include="Header Files\gui">
      <UniqueIdentifier>{8f10f037-1c4f-48dd-a0a2-5ef0d9f1a7f4}</UniqueIdentifier>
    </Filter>
    <Filter Include="Header Files\OpenGL">
      <UniqueIdentifier>{bc33b5e7-802d-4996-b34b-86ebfea98a31}</UniqueIdentifier>
    </Filter>
    <Filter Include="Header Files\scene">
      <UniqueIdentifier>{da4d7cd0-7667-4cc7-aaf1-b9dc02d7b500}</UniqueIdentifier>
    </Filter>
    <Filter Include="Header Files\gui\Font">
      <UniqueIdentifier>{eec51593-8dca-499c-8122-f758bb6bd056}</UniqueIdentifier>
    </Filter>
    <Filter Include="Source Files\mesh">
      <UniqueIdentifier>{b533c6e6-ea12-4d9a-a27c-a66e0583b4e9}</UniqueIdentifier>
    </Filter>
    <Filter Include="Source Files\gui">
      <UniqueIdentifier>{7d64533f-7aa4-47a5-bc84-fbef5ccb4af4}</UniqueIdentifier>
    </Filter>
    <Filter Include="Source Files\gui\font">
      <UniqueIdentifier>{2b66fde8-51f3-45ee-b202-7da1ed945f02}</UniqueIdentifier>
    </Filter>
    <Filter Include="Source Files\scene">
      <UniqueIdentifier>{c2960a3c-3cb8-4de9-8dfa-5a4f7372ee50}</UniqueIdentifier>
    </Filter>
    <Filter Include="Source Files\math">
      <UniqueIdentifier>{78d09f8b-6afb-4a8d-b44f-3c0b4085b187}</UniqueIdentifier>
    </Filter>
    <Filter Include="Source Files\OpenGL">
      <UniqueIdentifier>{c0fc5c71-c662-495d-a483-fcb3880cc4c0}</UniqueIdentifier>
    </Filter>
  </ItemGroup>
  <ItemGroup>
    <ClCompile Include="Source.cpp">
      <Filter>Source Files</Filter>
    </ClCompile>
    <ClCompile Include="Cylinder.cpp">
      <Filter>Source Files</Filter>
    </ClCompile>
    <ClCompile Include="segment_reader.cpp">
      <Filter>Source Files</Filter>
    </ClCompile>
    <ClCompile Include="fileio.cpp">
      <Filter>Source Files</Filter>
    </ClCompile>
    <ClCompile Include="regex_ext.cpp">
      <Filter>Source Files</Filter>
    </ClCompile>
    <ClCompile Include="AxisMesh.cpp">
      <Filter>Source Files\mesh</Filter>
    </ClCompile>
    <ClCompile Include="ConcavePolygonMesh.cpp">
      <Filter>Source Files\mesh</Filter>
    </ClCompile>
    <ClCompile Include="CylindricalMesh.cpp">
      <Filter>Source Files\mesh</Filter>
    </ClCompile>
    <ClCompile Include="ToolTipIndicator.cpp">
      <Filter>Source Files\mesh</Filter>
    </ClCompile>
    <ClCompile Include="Button.cpp">
      <Filter>Source Files\gui</Filter>
    </ClCompile>
    <ClCompile Include="Box.cpp">
      <Filter>Source Files\gui</Filter>
    </ClCompile>
    <ClCompile Include="DropDownMenu.cpp">
      <Filter>Source Files\gui</Filter>
    </ClCompile>
    <ClCompile Include="FreeTypeHandle.cpp">
      <Filter>Source Files\gui\font</Filter>
    </ClCompile>
    <ClCompile Include="Font.cpp">
      <Filter>Source Files\gui\font</Filter>
    </ClCompile>
    <ClCompile Include="FreeTypeFontHandle.cpp">
      <Filter>Source Files\gui\font</Filter>
    </ClCompile>
    <ClCompile Include="GUIElement.cpp">
      <Filter>Source Files\gui</Filter>
    </ClCompile>
    <ClCompile Include="Image.cpp">
      <Filter>Source Files\gui</Filter>
    </ClCompile>
    <ClCompile Include="KeyboardInput.cpp">
      <Filter>Source Files\gui</Filter>
    </ClCompile>
    <ClCompile Include="LabeledTextbox.cpp">
      <Filter>Source Files\gui</Filter>
    </ClCompile>
    <ClCompile Include="TextBox.cpp">
      <Filter>Source Files\gui</Filter>
    </ClCompile>
    <ClCompile Include="TextButton.cpp">
      <Filter>Source Files\gui</Filter>
    </ClCompile>
    <ClCompile Include="TextEntry.cpp">
      <Filter>Source Files\gui</Filter>
    </ClCompile>
    <ClCompile Include="SetupScreen.cpp">
      <Filter>Source Files\scene</Filter>
    </ClCompile>
    <ClCompile Include="RenderScene.cpp">
      <Filter>Source Files\scene</Filter>
    </ClCompile>
    <ClCompile Include="Scene.cpp">
      <Filter>Source Files\scene</Filter>
    </ClCompile>
    <ClCompile Include="clipper.cpp">
      <Filter>Source Files\math</Filter>
    </ClCompile>
    <ClCompile Include="collision.cpp">
      <Filter>Source Files\math</Filter>
    </ClCompile>
    <ClCompile Include="edge.cpp">
      <Filter>Source Files\math</Filter>
    </ClCompile>
    <ClCompile Include="MatrixStack.cpp">
      <Filter>Source Files\math</Filter>
    </ClCompile>
    <ClCompile Include="Polygon.cpp">
      <Filter>Source Files\math</Filter>
    </ClCompile>
    <ClCompile Include="vec2d.cpp">
      <Filter>Source Files\math</Filter>
    </ClCompile>
    <ClCompile Include="OpenGLHandler.cpp">
      <Filter>Source Files\OpenGL</Filter>
    </ClCompile>
    <ClCompile Include="Shader.cpp">
      <Filter>Source Files\OpenGL</Filter>
    </ClCompile>
    <ClCompile Include="ShaderProgram.cpp">
      <Filter>Source Files\OpenGL</Filter>
    </ClCompile>
    <ClCompile Include="Texture.cpp">
      <Filter>Source Files\OpenGL</Filter>
    </ClCompile>
    <ClCompile Include="WindowsDialog.cpp">
      <Filter>Source Files\gui</Filter>
    </ClCompile>
    <ClCompile Include="make_poly.cpp">
      <Filter>Source Files\math</Filter>
    </ClCompile>
    <ClCompile Include="Pipe.cpp">
      <Filter>Source Files</Filter>
    </ClCompile>
    <ClCompile Include="CommandLineArguments.cpp">
      <Filter>Source Files</Filter>
    </ClCompile>
    <ClCompile Include="file_loc.cpp">
      <Filter>Source Files</Filter>
    </ClCompile>
    <ClCompile Include="ACRConnection.cpp">
      <Filter>Source Files</Filter>
    </ClCompile>
    <ClCompile Include="Config.cpp">
      <Filter>Source Files</Filter>
    </ClCompile>
    <ClCompile Include="split_string.cpp">
      <Filter>Source Files</Filter>
    </ClCompile>
  </ItemGroup>
  <ItemGroup>
    <ClInclude Include="cylinderdata.h">
      <Filter>Header Files</Filter>
    </ClInclude>
    <ClInclude Include="Cylinder.h">
      <Filter>Header Files</Filter>
    </ClInclude>
    <ClInclude Include="typedefs.h">
      <Filter>Header Files</Filter>
    </ClInclude>
    <ClInclude Include="fileio.h">
      <Filter>Header Files</Filter>
    </ClInclude>
    <ClInclude Include="regex_ext.h">
      <Filter>Header Files</Filter>
    </ClInclude>
    <ClInclude Include="AxisMesh.h">
      <Filter>Header Files\Mesh</Filter>
    </ClInclude>
    <ClInclude Include="ConcavePolygonMesh.h">
      <Filter>Header Files\Mesh</Filter>
    </ClInclude>
    <ClInclude Include="CylindricalMesh.h">
      <Filter>Header Files\Mesh</Filter>
    </ClInclude>
    <ClInclude Include="Mesh.h">
      <Filter>Header Files\Mesh</Filter>
    </ClInclude>
    <ClInclude Include="ToolTipIndicator.h">
      <Filter>Header Files\Mesh</Filter>
    </ClInclude>
    <ClInclude Include="Button.h">
      <Filter>Header Files\gui</Filter>
    </ClInclude>
    <ClInclude Include="Box.h">
      <Filter>Header Files\gui</Filter>
    </ClInclude>
    <ClInclude Include="DropDownMenu.h">
      <Filter>Header Files\gui</Filter>
    </ClInclude>
    <ClInclude Include="GUIElement.h">
      <Filter>Header Files\gui</Filter>
    </ClInclude>
    <ClInclude Include="GUIElementID.h">
      <Filter>Header Files\gui</Filter>
    </ClInclude>
    <ClInclude Include="Image.h">
      <Filter>Header Files\gui</Filter>
    </ClInclude>
    <ClInclude Include="LabeledTextbox.h">
      <Filter>Header Files\gui</Filter>
    </ClInclude>
    <ClInclude Include="MatrixStack.h">
      <Filter>Header Files\math</Filter>
    </ClInclude>
    <ClInclude Include="math.h">
      <Filter>Header Files\math</Filter>
    </ClInclude>
    <ClInclude Include="clipper.hpp">
      <Filter>Header Files\math</Filter>
    </ClInclude>
    <ClInclude Include="collision.h">
      <Filter>Header Files\math</Filter>
    </ClInclude>
    <ClInclude Include="edge.h">
      <Filter>Header Files\math</Filter>
    </ClInclude>
    <ClInclude Include="rational.h">
      <Filter>Header Files\math</Filter>
    </ClInclude>
    <ClInclude Include="Polygon.h">
      <Filter>Header Files\math</Filter>
    </ClInclude>
    <ClInclude Include="Vec2D.h">
      <Filter>Header Files\math</Filter>
    </ClInclude>
    <ClInclude Include="TextBox.h">
      <Filter>Header Files\gui</Filter>
    </ClInclude>
    <ClInclude Include="TextButton.h">
      <Filter>Header Files\gui</Filter>
    </ClInclude>
    <ClInclude Include="TextEntry.h">
      <Filter>Header Files\gui</Filter>
    </ClInclude>
    <ClInclude Include="WindowsDialog.h">
      <Filter>Header Files\gui</Filter>
    </ClInclude>
    <ClInclude Include="OpenGLHandler.h">
      <Filter>Header Files\OpenGL</Filter>
    </ClInclude>
    <ClInclude Include="KeyboardInput.h">
      <Filter>Header Files\OpenGL</Filter>
    </ClInclude>
    <ClInclude Include="glm_includes.h">
      <Filter>Header Files\OpenGL</Filter>
    </ClInclude>
    <ClInclude Include="gl_includes.h">
      <Filter>Header Files\OpenGL</Filter>
    </ClInclude>
    <ClInclude Include="state_gl.h">
      <Filter>Header Files\OpenGL</Filter>
    </ClInclude>
    <ClInclude Include="Texture.h">
      <Filter>Header Files\OpenGL</Filter>
    </ClInclude>
    <ClInclude Include="ShaderProgram.h">
      <Filter>Header Files\OpenGL</Filter>
    </ClInclude>
    <ClInclude Include="Shader.h">
      <Filter>Header Files\OpenGL</Filter>
    </ClInclude>
    <ClInclude Include="SetupScreen.h">
      <Filter>Header Files\scene</Filter>
    </ClInclude>
    <ClInclude Include="SceneID.h">
      <Filter>Header Files\scene</Filter>
    </ClInclude>
    <ClInclude Include="Scene.h">
      <Filter>Header Files\scene</Filter>
    </ClInclude>
    <ClInclude Include="RenderScene.h">
      <Filter>Header Files\scene</Filter>
    </ClInclude>
    <ClInclude Include="Font.h">
      <Filter>Header Files\gui\Font</Filter>
    </ClInclude>
    <ClInclude Include="FreeTypeHandle.h">
      <Filter>Header Files\gui\Font</Filter>
    </ClInclude>
    <ClInclude Include="FreeTypeFontHandle.h">
      <Filter>Header Files\gui\Font</Filter>
    </ClInclude>
    <ClInclude Include="make_poly.h">
      <Filter>Header Files\math</Filter>
    </ClInclude>
    <ClInclude Include="base_ten.h">
      <Filter>Header Files\math</Filter>
    </ClInclude>
    <ClInclude Include="Pipe.h">
      <Filter>Header Files</Filter>
    </ClInclude>
    <ClInclude Include="CommandLineArguments.h">
      <Filter>Header Files</Filter>
    </ClInclude>
    <ClInclude Include="file_loc.h">
      <Filter>Header Files\gui</Filter>
    </ClInclude>
    <ClInclude Include="Config.h">
      <Filter>Header Files</Filter>
    </ClInclude>
    <ClInclude Include="ACRConnection.h">
      <Filter>Header Files</Filter>
    </ClInclude>
    <ClInclude Include="split_string.h">
      <Filter>Header Files</Filter>
    </ClInclude>
    <ClInclude Include="segment_reader.h">
      <Filter>Header Files</Filter>
    </ClInclude>
  </ItemGroup>
</Project>